
Microsoft Visual Studio Solution File, Format Version 12.00
# Visual Studio Version 16
VisualStudioVersion = 16.0.31515.178
MinimumVisualStudioVersion = 10.0.40219.1
Project("{2150E333-8FDC-42A3-9474-1A3956D46DE8}") = "Services", "Services", "{154F4F7D-F4AE-4A08-A6FF-D91040F7C43D}"
EndProject
Project("{2150E333-8FDC-42A3-9474-1A3956D46DE8}") = "Catalog", "Catalog", "{2ABE9B70-B9B6-4BD1-94B2-BBB9EBEEAC39}"
EndProject
Project("{9A19103F-16F7-4668-BE54-9A1E7A4F7556}") = "Catalog.API", "Services\catalog\Catalog.API\Catalog.API.csproj", "{EFE99465-C6D7-4811-B6AC-ED1061E5E2E2}"
EndProject
Project("{E53339B2-1760-4266-BCC7-CA923CBCF16C}") = "docker-compose", "docker-compose.dcproj", "{71AC4218-9871-4A2A-844C-E57EBCC25243}"
EndProject
Project("{2150E333-8FDC-42A3-9474-1A3956D46DE8}") = "Basket", "Basket", "{814EA16F-538D-432D-A50A-F072335D1347}"
EndProject
Project("{9A19103F-16F7-4668-BE54-9A1E7A4F7556}") = "Basket.API", "Services\Basket\Basket.API\Basket.API.csproj", "{E8601B81-5E7D-415C-8AEA-8CDDC2CB052A}"
EndProject
Project("{2150E333-8FDC-42A3-9474-1A3956D46DE8}") = "Discount", "Discount", "{6FD253BF-8AF7-4F59-8E7D-B88E8E8B9AB1}"
EndProject
Project("{9A19103F-16F7-4668-BE54-9A1E7A4F7556}") = "Discount.API", "Services\Discount\Discount.API\Discount.API.csproj", "{60EBB5FF-13F7-4593-B542-029003DA85A8}"
EndProject
Project("{9A19103F-16F7-4668-BE54-9A1E7A4F7556}") = "Discount.GRPC", "Services\Discount\Discount.GRPC\Discount.GRPC.csproj", "{877DC0AF-D0DA-4FF2-8AFD-066605197EE9}"
EndProject
Project("{2150E333-8FDC-42A3-9474-1A3956D46DE8}") = "Ordering", "Ordering", "{BA06D32A-CA3D-424A-A714-795EF83C514F}"
EndProject
Project("{FAE04EC0-301F-11D3-BF4B-00C04F79EFBC}") = "Ordering.API", "Services\Ordering\Ordering.API\Ordering.API.csproj", "{514D9C07-BA6C-4CE1-823C-C2AA31FDCB86}"
EndProject
Project("{FAE04EC0-301F-11D3-BF4B-00C04F79EFBC}") = "Ordering.Domain", "Services\Ordering\Ordering.Domain\Ordering.Domain.csproj", "{30E16B5E-A762-4581-9AA4-C7B852551D7D}"
EndProject
Project("{FAE04EC0-301F-11D3-BF4B-00C04F79EFBC}") = "Ordering.Application", "Services\Ordering\Ordering.Application\Ordering.Application.csproj", "{F8E1D66B-CA96-4F3B-9A3C-8953AC385635}"
EndProject
Project("{FAE04EC0-301F-11D3-BF4B-00C04F79EFBC}") = "Ordering.Infrastructure", "Services\Ordering\Ordering.Infrastructure\Ordering.Infrastructure.csproj", "{3C1D1058-479B-4B6B-8CCD-B2D93AC3F5BC}"
EndProject
Global
	GlobalSection(SolutionConfigurationPlatforms) = preSolution
		Debug|Any CPU = Debug|Any CPU
		Release|Any CPU = Release|Any CPU
	EndGlobalSection
	GlobalSection(ProjectConfigurationPlatforms) = postSolution
		{EFE99465-C6D7-4811-B6AC-ED1061E5E2E2}.Debug|Any CPU.ActiveCfg = Debug|Any CPU
		{EFE99465-C6D7-4811-B6AC-ED1061E5E2E2}.Debug|Any CPU.Build.0 = Debug|Any CPU
		{EFE99465-C6D7-4811-B6AC-ED1061E5E2E2}.Release|Any CPU.ActiveCfg = Release|Any CPU
		{EFE99465-C6D7-4811-B6AC-ED1061E5E2E2}.Release|Any CPU.Build.0 = Release|Any CPU
		{71AC4218-9871-4A2A-844C-E57EBCC25243}.Debug|Any CPU.ActiveCfg = Debug|Any CPU
		{71AC4218-9871-4A2A-844C-E57EBCC25243}.Debug|Any CPU.Build.0 = Debug|Any CPU
		{71AC4218-9871-4A2A-844C-E57EBCC25243}.Release|Any CPU.ActiveCfg = Release|Any CPU
		{71AC4218-9871-4A2A-844C-E57EBCC25243}.Release|Any CPU.Build.0 = Release|Any CPU
		{E8601B81-5E7D-415C-8AEA-8CDDC2CB052A}.Debug|Any CPU.ActiveCfg = Debug|Any CPU
		{E8601B81-5E7D-415C-8AEA-8CDDC2CB052A}.Debug|Any CPU.Build.0 = Debug|Any CPU
		{E8601B81-5E7D-415C-8AEA-8CDDC2CB052A}.Release|Any CPU.ActiveCfg = Release|Any CPU
		{E8601B81-5E7D-415C-8AEA-8CDDC2CB052A}.Release|Any CPU.Build.0 = Release|Any CPU
		{60EBB5FF-13F7-4593-B542-029003DA85A8}.Debug|Any CPU.ActiveCfg = Debug|Any CPU
		{60EBB5FF-13F7-4593-B542-029003DA85A8}.Debug|Any CPU.Build.0 = Debug|Any CPU
		{60EBB5FF-13F7-4593-B542-029003DA85A8}.Release|Any CPU.ActiveCfg = Release|Any CPU
		{60EBB5FF-13F7-4593-B542-029003DA85A8}.Release|Any CPU.Build.0 = Release|Any CPU
		{877DC0AF-D0DA-4FF2-8AFD-066605197EE9}.Debug|Any CPU.ActiveCfg = Debug|Any CPU
		{877DC0AF-D0DA-4FF2-8AFD-066605197EE9}.Debug|Any CPU.Build.0 = Debug|Any CPU
		{877DC0AF-D0DA-4FF2-8AFD-066605197EE9}.Release|Any CPU.ActiveCfg = Release|Any CPU
		{877DC0AF-D0DA-4FF2-8AFD-066605197EE9}.Release|Any CPU.Build.0 = Release|Any CPU
		{514D9C07-BA6C-4CE1-823C-C2AA31FDCB86}.Debug|Any CPU.ActiveCfg = Debug|Any CPU
		{514D9C07-BA6C-4CE1-823C-C2AA31FDCB86}.Debug|Any CPU.Build.0 = Debug|Any CPU
		{514D9C07-BA6C-4CE1-823C-C2AA31FDCB86}.Release|Any CPU.ActiveCfg = Release|Any CPU
		{514D9C07-BA6C-4CE1-823C-C2AA31FDCB86}.Release|Any CPU.Build.0 = Release|Any CPU
		{30E16B5E-A762-4581-9AA4-C7B852551D7D}.Debug|Any CPU.ActiveCfg = Debug|Any CPU
		{30E16B5E-A762-4581-9AA4-C7B852551D7D}.Debug|Any CPU.Build.0 = Debug|Any CPU
		{30E16B5E-A762-4581-9AA4-C7B852551D7D}.Release|Any CPU.ActiveCfg = Release|Any CPU
		{30E16B5E-A762-4581-9AA4-C7B852551D7D}.Release|Any CPU.Build.0 = Release|Any CPU
		{F8E1D66B-CA96-4F3B-9A3C-8953AC385635}.Debug|Any CPU.ActiveCfg = Debug|Any CPU
		{F8E1D66B-CA96-4F3B-9A3C-8953AC385635}.Debug|Any CPU.Build.0 = Debug|Any CPU
		{F8E1D66B-CA96-4F3B-9A3C-8953AC385635}.Release|Any CPU.ActiveCfg = Release|Any CPU
		{F8E1D66B-CA96-4F3B-9A3C-8953AC385635}.Release|Any CPU.Build.0 = Release|Any CPU
		{3C1D1058-479B-4B6B-8CCD-B2D93AC3F5BC}.Debug|Any CPU.ActiveCfg = Debug|Any CPU
		{3C1D1058-479B-4B6B-8CCD-B2D93AC3F5BC}.Debug|Any CPU.Build.0 = Debug|Any CPU
		{3C1D1058-479B-4B6B-8CCD-B2D93AC3F5BC}.Release|Any CPU.ActiveCfg = Release|Any CPU
		{3C1D1058-479B-4B6B-8CCD-B2D93AC3F5BC}.Release|Any CPU.Build.0 = Release|Any CPU
	EndGlobalSection
	GlobalSection(SolutionProperties) = preSolution
		HideSolutionNode = FALSE
	EndGlobalSection
	GlobalSection(NestedProjects) = preSolution
		{2ABE9B70-B9B6-4BD1-94B2-BBB9EBEEAC39} = {154F4F7D-F4AE-4A08-A6FF-D91040F7C43D}
		{EFE99465-C6D7-4811-B6AC-ED1061E5E2E2} = {2ABE9B70-B9B6-4BD1-94B2-BBB9EBEEAC39}
		{814EA16F-538D-432D-A50A-F072335D1347} = {154F4F7D-F4AE-4A08-A6FF-D91040F7C43D}
		{E8601B81-5E7D-415C-8AEA-8CDDC2CB052A} = {814EA16F-538D-432D-A50A-F072335D1347}
		{6FD253BF-8AF7-4F59-8E7D-B88E8E8B9AB1} = {154F4F7D-F4AE-4A08-A6FF-D91040F7C43D}
		{60EBB5FF-13F7-4593-B542-029003DA85A8} = {6FD253BF-8AF7-4F59-8E7D-B88E8E8B9AB1}
		{877DC0AF-D0DA-4FF2-8AFD-066605197EE9} = {6FD253BF-8AF7-4F59-8E7D-B88E8E8B9AB1}
		{BA06D32A-CA3D-424A-A714-795EF83C514F} = {154F4F7D-F4AE-4A08-A6FF-D91040F7C43D}
		{514D9C07-BA6C-4CE1-823C-C2AA31FDCB86} = {BA06D32A-CA3D-424A-A714-795EF83C514F}
		{30E16B5E-A762-4581-9AA4-C7B852551D7D} = {BA06D32A-CA3D-424A-A714-795EF83C514F}
		{F8E1D66B-CA96-4F3B-9A3C-8953AC385635} = {BA06D32A-CA3D-424A-A714-795EF83C514F}
		{3C1D1058-479B-4B6B-8CCD-B2D93AC3F5BC} = {BA06D32A-CA3D-424A-A714-795EF83C514F}
	EndGlobalSection
	GlobalSection(ExtensibilityGlobals) = postSolution
		SolutionGuid = {AA84E1EC-E251-4994-9E2D-96626D1A3E72}
	EndGlobalSection
EndGlobal
